
Microsoft Visual Studio Solution File, Format Version 12.00
# Visual Studio Version 17
VisualStudioVersion = 17.6.33723.286
MinimumVisualStudioVersion = 10.0.40219.1
Project("{9A19103F-16F7-4668-BE54-9A1E7A4F7556}") = "BlogDataLibrary", "BlogDataLibrary\BlogDataLibrary.csproj", "{2EA02B09-F9CA-4E8E-A0B9-FE96E9965F5D}"
EndProject
Project("{9A19103F-16F7-4668-BE54-9A1E7A4F7556}") = "BlogTestUI", "BlogTestUI\BlogTestUI.csproj", "{D9AE428F-9386-4AF9-8D1D-32249CEF01E6}"
EndProject
Project("{00D1A9C2-B5F0-4AF3-8072-F6C62B433612}") = "PinedaBlogDB", "PinedaBlogDB\PinedaBlogDB.sqlproj", "{5C3FC6DE-D6F3-4A29-AC3E-CB12DA606750}"
EndProject
Global
	GlobalSection(SolutionConfigurationPlatforms) = preSolution
		Debug|Any CPU = Debug|Any CPU
		Release|Any CPU = Release|Any CPU
	EndGlobalSection
	GlobalSection(ProjectConfigurationPlatforms) = postSolution
		{2EA02B09-F9CA-4E8E-A0B9-FE96E9965F5D}.Debug|Any CPU.ActiveCfg = Debug|Any CPU
		{2EA02B09-F9CA-4E8E-A0B9-FE96E9965F5D}.Debug|Any CPU.Build.0 = Debug|Any CPU
		{2EA02B09-F9CA-4E8E-A0B9-FE96E9965F5D}.Release|Any CPU.ActiveCfg = Release|Any CPU
		{2EA02B09-F9CA-4E8E-A0B9-FE96E9965F5D}.Release|Any CPU.Build.0 = Release|Any CPU
		{D9AE428F-9386-4AF9-8D1D-32249CEF01E6}.Debug|Any CPU.ActiveCfg = Debug|Any CPU
		{D9AE428F-9386-4AF9-8D1D-32249CEF01E6}.Debug|Any CPU.Build.0 = Debug|Any CPU
		{D9AE428F-9386-4AF9-8D1D-32249CEF01E6}.Release|Any CPU.ActiveCfg = Release|Any CPU
		{D9AE428F-9386-4AF9-8D1D-32249CEF01E6}.Release|Any CPU.Build.0 = Release|Any CPU
		{5C3FC6DE-D6F3-4A29-AC3E-CB12DA606750}.Debug|Any CPU.ActiveCfg = Debug|Any CPU
		{5C3FC6DE-D6F3-4A29-AC3E-CB12DA606750}.Debug|Any CPU.Build.0 = Debug|Any CPU
		{5C3FC6DE-D6F3-4A29-AC3E-CB12DA606750}.Debug|Any CPU.Deploy.0 = Debug|Any CPU
		{5C3FC6DE-D6F3-4A29-AC3E-CB12DA606750}.Release|Any CPU.ActiveCfg = Release|Any CPU
		{5C3FC6DE-D6F3-4A29-AC3E-CB12DA606750}.Release|Any CPU.Build.0 = Release|Any CPU
		{5C3FC6DE-D6F3-4A29-AC3E-CB12DA606750}.Release|Any CPU.Deploy.0 = Release|Any CPU
	EndGlobalSection
	GlobalSection(SolutionProperties) = preSolution
		HideSolutionNode = FALSE
	EndGlobalSection
	GlobalSection(ExtensibilityGlobals) = postSolution
		SolutionGuid = {5674B557-DB14-4D28-B247-27C1C3951F60}
	EndGlobalSection
EndGlobal
